// !$*UTF8*$!
{
	archiveVersion = 1;
	classes = {
	};
	objectVersion = 51;
	objects = {

/* Begin PBXBuildFile section */
		1A70FCFB8618BBCB0BEE4228 /* Pods_FlexEatTests.framework in Frameworks */ = {isa = PBXBuildFile; fileRef = 6463E243743AF6524528104E /* Pods_FlexEatTests.framework */; };
		29B67CF1EE1053C13C50E6AA /* Pods_FlexEat.framework in Frameworks */ = {isa = PBXBuildFile; fileRef = 59087A3152191830D35A05C7 /* Pods_FlexEat.framework */; };
		37F8558B373ECFD2BFA7CBCB /* Pods_FlexEat_FlexEatUITests.framework in Frameworks */ = {isa = PBXBuildFile; fileRef = 0C44998ED20C2A1D6A73F40E /* Pods_FlexEat_FlexEatUITests.framework */; };
		935024F823A6B57100990A3C /* LoginViewController.swift in Sources */ = {isa = PBXBuildFile; fileRef = 935024F723A6B57100990A3C /* LoginViewController.swift */; };
		935024FA23A6BA7800990A3C /* SignUpViewController.swift in Sources */ = {isa = PBXBuildFile; fileRef = 935024F923A6BA7800990A3C /* SignUpViewController.swift */; };
		935024FC23A6BA8000990A3C /* StartingViewController.swift in Sources */ = {isa = PBXBuildFile; fileRef = 935024FB23A6BA8000990A3C /* StartingViewController.swift */; };
		93916A0B23A6C8A40076A53F /* Utilities.swift in Sources */ = {isa = PBXBuildFile; fileRef = 93916A0A23A6C8A40076A53F /* Utilities.swift */; };
		93916A1223A6D0510076A53F /* GoogleService-Info.plist in Resources */ = {isa = PBXBuildFile; fileRef = 93916A1123A6D0510076A53F /* GoogleService-Info.plist */; };
		93916A1423A774DE0076A53F /* Constants.swift in Sources */ = {isa = PBXBuildFile; fileRef = 93916A1323A774DE0076A53F /* Constants.swift */; };
		93916A1623A778F80076A53F /* TabBarViewController.swift in Sources */ = {isa = PBXBuildFile; fileRef = 93916A1523A778F80076A53F /* TabBarViewController.swift */; };
		93916A2223A7C6C10076A53F /* UserInfo.swift in Sources */ = {isa = PBXBuildFile; fileRef = 93916A2123A7C6C10076A53F /* UserInfo.swift */; };
		93916A2623A7CACA0076A53F /* HomeViewController.swift in Sources */ = {isa = PBXBuildFile; fileRef = 93916A2523A7CACA0076A53F /* HomeViewController.swift */; };
		93916A2A23A7CAE00076A53F /* GamesViewController.swift in Sources */ = {isa = PBXBuildFile; fileRef = 93916A2923A7CAE00076A53F /* GamesViewController.swift */; };
		93916A2D23A7E86D0076A53F /* LeaderboardTableViewController.swift in Sources */ = {isa = PBXBuildFile; fileRef = 93916A2C23A7E86D0076A53F /* LeaderboardTableViewController.swift */; };
		93916A2F23A7F1EA0076A53F /* QuizzesViewController.swift in Sources */ = {isa = PBXBuildFile; fileRef = 93916A2E23A7F1EA0076A53F /* QuizzesViewController.swift */; };
		93916A3123A7F60C0076A53F /* Quiz.swift in Sources */ = {isa = PBXBuildFile; fileRef = 93916A3023A7F60C0076A53F /* Quiz.swift */; };
		93916A3323A801FD0076A53F /* QuizLevelViewController.swift in Sources */ = {isa = PBXBuildFile; fileRef = 93916A3223A801FD0076A53F /* QuizLevelViewController.swift */; };
		93916A3523A8954D0076A53F /* FinishedQuizViewController.swift in Sources */ = {isa = PBXBuildFile; fileRef = 93916A3423A8954C0076A53F /* FinishedQuizViewController.swift */; };
		93916A3723A8AA700076A53F /* Story.swift in Sources */ = {isa = PBXBuildFile; fileRef = 93916A3623A8AA700076A53F /* Story.swift */; };
		93916A3923A8ACF20076A53F /* StoriesTableViewController.swift in Sources */ = {isa = PBXBuildFile; fileRef = 93916A3823A8ACF20076A53F /* StoriesTableViewController.swift */; };
		93916A3B23A8C2050076A53F /* turtle.mp4 in Resources */ = {isa = PBXBuildFile; fileRef = 93916A3A23A8C2040076A53F /* turtle.mp4 */; };
		9392579523A68D7B0061C1B8 /* AppDelegate.swift in Sources */ = {isa = PBXBuildFile; fileRef = 9392579423A68D7B0061C1B8 /* AppDelegate.swift */; };
		9392579C23A68D7B0061C1B8 /* Main.storyboard in Resources */ = {isa = PBXBuildFile; fileRef = 9392579A23A68D7B0061C1B8 /* Main.storyboard */; };
		9392579E23A68D7E0061C1B8 /* Assets.xcassets in Resources */ = {isa = PBXBuildFile; fileRef = 9392579D23A68D7E0061C1B8 /* Assets.xcassets */; };
		939257A123A68D7E0061C1B8 /* LaunchScreen.storyboard in Resources */ = {isa = PBXBuildFile; fileRef = 9392579F23A68D7E0061C1B8 /* LaunchScreen.storyboard */; };
		939257AC23A68D7E0061C1B8 /* FlexEatTests.swift in Sources */ = {isa = PBXBuildFile; fileRef = 939257AB23A68D7E0061C1B8 /* FlexEatTests.swift */; };
		939257B723A68D7E0061C1B8 /* FlexEatUITests.swift in Sources */ = {isa = PBXBuildFile; fileRef = 939257B623A68D7E0061C1B8 /* FlexEatUITests.swift */; };
/* End PBXBuildFile section */

/* Begin PBXContainerItemProxy section */
		939257A823A68D7E0061C1B8 /* PBXContainerItemProxy */ = {
			isa = PBXContainerItemProxy;
			containerPortal = 9392578923A68D7B0061C1B8 /* Project object */;
			proxyType = 1;
			remoteGlobalIDString = 9392579023A68D7B0061C1B8;
			remoteInfo = FlexEat;
		};
		939257B323A68D7E0061C1B8 /* PBXContainerItemProxy */ = {
			isa = PBXContainerItemProxy;
			containerPortal = 9392578923A68D7B0061C1B8 /* Project object */;
			proxyType = 1;
			remoteGlobalIDString = 9392579023A68D7B0061C1B8;
			remoteInfo = FlexEat;
		};
/* End PBXContainerItemProxy section */

/* Begin PBXFileReference section */
		0C44998ED20C2A1D6A73F40E /* Pods_FlexEat_FlexEatUITests.framework */ = {isa = PBXFileReference; explicitFileType = wrapper.framework; includeInIndex = 0; path = Pods_FlexEat_FlexEatUITests.framework; sourceTree = BUILT_PRODUCTS_DIR; };
		35FA322EDE221A5E9C5DEC65 /* Pods-FlexEat.release.xcconfig */ = {isa = PBXFileReference; includeInIndex = 1; lastKnownFileType = text.xcconfig; name = "Pods-FlexEat.release.xcconfig"; path = "Target Support Files/Pods-FlexEat/Pods-FlexEat.release.xcconfig"; sourceTree = "<group>"; };
		59087A3152191830D35A05C7 /* Pods_FlexEat.framework */ = {isa = PBXFileReference; explicitFileType = wrapper.framework; includeInIndex = 0; path = Pods_FlexEat.framework; sourceTree = BUILT_PRODUCTS_DIR; };
		6463E243743AF6524528104E /* Pods_FlexEatTests.framework */ = {isa = PBXFileReference; explicitFileType = wrapper.framework; includeInIndex = 0; path = Pods_FlexEatTests.framework; sourceTree = BUILT_PRODUCTS_DIR; };
		89E1BCDDD2F2E41750DEF214 /* Pods-FlexEatTests.release.xcconfig */ = {isa = PBXFileReference; includeInIndex = 1; lastKnownFileType = text.xcconfig; name = "Pods-FlexEatTests.release.xcconfig"; path = "Target Support Files/Pods-FlexEatTests/Pods-FlexEatTests.release.xcconfig"; sourceTree = "<group>"; };
		935024F723A6B57100990A3C /* LoginViewController.swift */ = {isa = PBXFileReference; lastKnownFileType = sourcecode.swift; path = LoginViewController.swift; sourceTree = "<group>"; };
		935024F923A6BA7800990A3C /* SignUpViewController.swift */ = {isa = PBXFileReference; lastKnownFileType = sourcecode.swift; path = SignUpViewController.swift; sourceTree = "<group>"; };
		935024FB23A6BA8000990A3C /* StartingViewController.swift */ = {isa = PBXFileReference; lastKnownFileType = sourcecode.swift; path = StartingViewController.swift; sourceTree = "<group>"; };
		93916A0A23A6C8A40076A53F /* Utilities.swift */ = {isa = PBXFileReference; fileEncoding = 4; lastKnownFileType = sourcecode.swift; path = Utilities.swift; sourceTree = "<group>"; };
		93916A1123A6D0510076A53F /* GoogleService-Info.plist */ = {isa = PBXFileReference; fileEncoding = 4; lastKnownFileType = text.plist.xml; path = "GoogleService-Info.plist"; sourceTree = "<group>"; };
		93916A1323A774DE0076A53F /* Constants.swift */ = {isa = PBXFileReference; lastKnownFileType = sourcecode.swift; path = Constants.swift; sourceTree = "<group>"; };
		93916A1523A778F80076A53F /* TabBarViewController.swift */ = {isa = PBXFileReference; lastKnownFileType = sourcecode.swift; path = TabBarViewController.swift; sourceTree = "<group>"; };
		93916A2123A7C6C10076A53F /* UserInfo.swift */ = {isa = PBXFileReference; lastKnownFileType = sourcecode.swift; path = UserInfo.swift; sourceTree = "<group>"; };
		93916A2523A7CACA0076A53F /* HomeViewController.swift */ = {isa = PBXFileReference; lastKnownFileType = sourcecode.swift; path = HomeViewController.swift; sourceTree = "<group>"; };
		93916A2923A7CAE00076A53F /* GamesViewController.swift */ = {isa = PBXFileReference; lastKnownFileType = sourcecode.swift; path = GamesViewController.swift; sourceTree = "<group>"; };
		93916A2C23A7E86D0076A53F /* LeaderboardTableViewController.swift */ = {isa = PBXFileReference; lastKnownFileType = sourcecode.swift; path = LeaderboardTableViewController.swift; sourceTree = "<group>"; };
		93916A2E23A7F1EA0076A53F /* QuizzesViewController.swift */ = {isa = PBXFileReference; lastKnownFileType = sourcecode.swift; path = QuizzesViewController.swift; sourceTree = "<group>"; };
		93916A3023A7F60C0076A53F /* Quiz.swift */ = {isa = PBXFileReference; lastKnownFileType = sourcecode.swift; name = Quiz.swift; path = "../View Controllers/Quiz.swift"; sourceTree = "<group>"; };
		93916A3223A801FD0076A53F /* QuizLevelViewController.swift */ = {isa = PBXFileReference; lastKnownFileType = sourcecode.swift; path = QuizLevelViewController.swift; sourceTree = "<group>"; };
		93916A3423A8954C0076A53F /* FinishedQuizViewController.swift */ = {isa = PBXFileReference; lastKnownFileType = sourcecode.swift; path = FinishedQuizViewController.swift; sourceTree = "<group>"; };
		93916A3623A8AA700076A53F /* Story.swift */ = {isa = PBXFileReference; lastKnownFileType = sourcecode.swift; path = Story.swift; sourceTree = "<group>"; };
		93916A3823A8ACF20076A53F /* StoriesTableViewController.swift */ = {isa = PBXFileReference; lastKnownFileType = sourcecode.swift; path = StoriesTableViewController.swift; sourceTree = "<group>"; };
		93916A3A23A8C2040076A53F /* turtle.mp4 */ = {isa = PBXFileReference; lastKnownFileType = file; path = turtle.mp4; sourceTree = "<group>"; };
		9392579123A68D7B0061C1B8 /* FlexEat.app */ = {isa = PBXFileReference; explicitFileType = wrapper.application; includeInIndex = 0; path = FlexEat.app; sourceTree = BUILT_PRODUCTS_DIR; };
		9392579423A68D7B0061C1B8 /* AppDelegate.swift */ = {isa = PBXFileReference; lastKnownFileType = sourcecode.swift; path = AppDelegate.swift; sourceTree = "<group>"; };
		9392579B23A68D7B0061C1B8 /* Base */ = {isa = PBXFileReference; lastKnownFileType = file.storyboard; name = Base; path = Base.lproj/Main.storyboard; sourceTree = "<group>"; };
		9392579D23A68D7E0061C1B8 /* Assets.xcassets */ = {isa = PBXFileReference; lastKnownFileType = folder.assetcatalog; path = Assets.xcassets; sourceTree = "<group>"; };
		939257A023A68D7E0061C1B8 /* Base */ = {isa = PBXFileReference; lastKnownFileType = file.storyboard; name = Base; path = Base.lproj/LaunchScreen.storyboard; sourceTree = "<group>"; };
		939257A223A68D7E0061C1B8 /* Info.plist */ = {isa = PBXFileReference; lastKnownFileType = text.plist.xml; path = Info.plist; sourceTree = "<group>"; };
		939257A723A68D7E0061C1B8 /* FlexEatTests.xctest */ = {isa = PBXFileReference; explicitFileType = wrapper.cfbundle; includeInIndex = 0; path = FlexEatTests.xctest; sourceTree = BUILT_PRODUCTS_DIR; };
		939257AB23A68D7E0061C1B8 /* FlexEatTests.swift */ = {isa = PBXFileReference; lastKnownFileType = sourcecode.swift; path = FlexEatTests.swift; sourceTree = "<group>"; };
		939257AD23A68D7E0061C1B8 /* Info.plist */ = {isa = PBXFileReference; lastKnownFileType = text.plist.xml; path = Info.plist; sourceTree = "<group>"; };
		939257B223A68D7E0061C1B8 /* FlexEatUITests.xctest */ = {isa = PBXFileReference; explicitFileType = wrapper.cfbundle; includeInIndex = 0; path = FlexEatUITests.xctest; sourceTree = BUILT_PRODUCTS_DIR; };
		939257B623A68D7E0061C1B8 /* FlexEatUITests.swift */ = {isa = PBXFileReference; lastKnownFileType = sourcecode.swift; path = FlexEatUITests.swift; sourceTree = "<group>"; };
		939257B823A68D7E0061C1B8 /* Info.plist */ = {isa = PBXFileReference; lastKnownFileType = text.plist.xml; path = Info.plist; sourceTree = "<group>"; };
		A5667BD71006CDFFBC885144 /* Pods-FlexEat.debug.xcconfig */ = {isa = PBXFileReference; includeInIndex = 1; lastKnownFileType = text.xcconfig; name = "Pods-FlexEat.debug.xcconfig"; path = "Target Support Files/Pods-FlexEat/Pods-FlexEat.debug.xcconfig"; sourceTree = "<group>"; };
		A6252159F0D3028F387FFEEE /* Pods-FlexEat-FlexEatUITests.release.xcconfig */ = {isa = PBXFileReference; includeInIndex = 1; lastKnownFileType = text.xcconfig; name = "Pods-FlexEat-FlexEatUITests.release.xcconfig"; path = "Target Support Files/Pods-FlexEat-FlexEatUITests/Pods-FlexEat-FlexEatUITests.release.xcconfig"; sourceTree = "<group>"; };
		E497257A7A0845F204A5C03B /* Pods-FlexEatTests.debug.xcconfig */ = {isa = PBXFileReference; includeInIndex = 1; lastKnownFileType = text.xcconfig; name = "Pods-FlexEatTests.debug.xcconfig"; path = "Target Support Files/Pods-FlexEatTests/Pods-FlexEatTests.debug.xcconfig"; sourceTree = "<group>"; };
		EF6380C0EF385142E589DC25 /* Pods-FlexEat-FlexEatUITests.debug.xcconfig */ = {isa = PBXFileReference; includeInIndex = 1; lastKnownFileType = text.xcconfig; name = "Pods-FlexEat-FlexEatUITests.debug.xcconfig"; path = "Target Support Files/Pods-FlexEat-FlexEatUITests/Pods-FlexEat-FlexEatUITests.debug.xcconfig"; sourceTree = "<group>"; };
/* End PBXFileReference section */

/* Begin PBXFrameworksBuildPhase section */
		9392578E23A68D7B0061C1B8 /* Frameworks */ = {
			isa = PBXFrameworksBuildPhase;
			buildActionMask = 2147483647;
			files = (
				29B67CF1EE1053C13C50E6AA /* Pods_FlexEat.framework in Frameworks */,
			);
			runOnlyForDeploymentPostprocessing = 0;
		};
		939257A423A68D7E0061C1B8 /* Frameworks */ = {
			isa = PBXFrameworksBuildPhase;
			buildActionMask = 2147483647;
			files = (
				1A70FCFB8618BBCB0BEE4228 /* Pods_FlexEatTests.framework in Frameworks */,
			);
			runOnlyForDeploymentPostprocessing = 0;
		};
		939257AF23A68D7E0061C1B8 /* Frameworks */ = {
			isa = PBXFrameworksBuildPhase;
			buildActionMask = 2147483647;
			files = (
				37F8558B373ECFD2BFA7CBCB /* Pods_FlexEat_FlexEatUITests.framework in Frameworks */,
			);
			runOnlyForDeploymentPostprocessing = 0;
		};
/* End PBXFrameworksBuildPhase section */

/* Begin PBXGroup section */
		1D2E26301D61126408CD1C39 /* Frameworks */ = {
			isa = PBXGroup;
			children = (
				59087A3152191830D35A05C7 /* Pods_FlexEat.framework */,
				0C44998ED20C2A1D6A73F40E /* Pods_FlexEat_FlexEatUITests.framework */,
				6463E243743AF6524528104E /* Pods_FlexEatTests.framework */,
			);
			name = Frameworks;
			sourceTree = "<group>";
		};
		6115B34C2797682EBBC9D689 /* Pods */ = {
			isa = PBXGroup;
			children = (
				A5667BD71006CDFFBC885144 /* Pods-FlexEat.debug.xcconfig */,
				35FA322EDE221A5E9C5DEC65 /* Pods-FlexEat.release.xcconfig */,
				EF6380C0EF385142E589DC25 /* Pods-FlexEat-FlexEatUITests.debug.xcconfig */,
				A6252159F0D3028F387FFEEE /* Pods-FlexEat-FlexEatUITests.release.xcconfig */,
				E497257A7A0845F204A5C03B /* Pods-FlexEatTests.debug.xcconfig */,
				89E1BCDDD2F2E41750DEF214 /* Pods-FlexEatTests.release.xcconfig */,
			);
			path = Pods;
			sourceTree = "<group>";
		};
		93916A0C23A6C8AF0076A53F /* View Controllers */ = {
			isa = PBXGroup;
			children = (
				935024FB23A6BA8000990A3C /* StartingViewController.swift */,
				935024F923A6BA7800990A3C /* SignUpViewController.swift */,
				935024F723A6B57100990A3C /* LoginViewController.swift */,
				93916A1523A778F80076A53F /* TabBarViewController.swift */,
				93916A2523A7CACA0076A53F /* HomeViewController.swift */,
				93916A2923A7CAE00076A53F /* GamesViewController.swift */,
				93916A3823A8ACF20076A53F /* StoriesTableViewController.swift */,
				93916A3223A801FD0076A53F /* QuizLevelViewController.swift */,
				93916A2E23A7F1EA0076A53F /* QuizzesViewController.swift */,
				93916A3423A8954C0076A53F /* FinishedQuizViewController.swift */,
				93916A2C23A7E86D0076A53F /* LeaderboardTableViewController.swift */,
			);
			path = "View Controllers";
			sourceTree = "<group>";
		};
		93916A2B23A7D5D40076A53F /* Helpers */ = {
			isa = PBXGroup;
			children = (
				93916A3023A7F60C0076A53F /* Quiz.swift */,
				93916A3623A8AA700076A53F /* Story.swift */,
				93916A2123A7C6C10076A53F /* UserInfo.swift */,
				93916A1323A774DE0076A53F /* Constants.swift */,
				93916A0A23A6C8A40076A53F /* Utilities.swift */,
			);
			path = Helpers;
			sourceTree = "<group>";
		};
		9392578823A68D7B0061C1B8 = {
			isa = PBXGroup;
			children = (
				9392579323A68D7B0061C1B8 /* FlexEat */,
				939257AA23A68D7E0061C1B8 /* FlexEatTests */,
				939257B523A68D7E0061C1B8 /* FlexEatUITests */,
				9392579223A68D7B0061C1B8 /* Products */,
				6115B34C2797682EBBC9D689 /* Pods */,
				1D2E26301D61126408CD1C39 /* Frameworks */,
			);
			sourceTree = "<group>";
		};
		9392579223A68D7B0061C1B8 /* Products */ = {
			isa = PBXGroup;
			children = (
				9392579123A68D7B0061C1B8 /* FlexEat.app */,
				939257A723A68D7E0061C1B8 /* FlexEatTests.xctest */,
				939257B223A68D7E0061C1B8 /* FlexEatUITests.xctest */,
			);
			name = Products;
			sourceTree = "<group>";
		};
		9392579323A68D7B0061C1B8 /* FlexEat */ = {
			isa = PBXGroup;
			children = (
				9392579423A68D7B0061C1B8 /* AppDelegate.swift */,
				9392579A23A68D7B0061C1B8 /* Main.storyboard */,
				93916A2B23A7D5D40076A53F /* Helpers */,
				93916A0C23A6C8AF0076A53F /* View Controllers */,
				9392579D23A68D7E0061C1B8 /* Assets.xcassets */,
				93916A3A23A8C2040076A53F /* turtle.mp4 */,
				9392579F23A68D7E0061C1B8 /* LaunchScreen.storyboard */,
				93916A1123A6D0510076A53F /* GoogleService-Info.plist */,
				939257A223A68D7E0061C1B8 /* Info.plist */,
			);
			path = FlexEat;
			sourceTree = "<group>";
		};
		939257AA23A68D7E0061C1B8 /* FlexEatTests */ = {
			isa = PBXGroup;
			children = (
				939257AB23A68D7E0061C1B8 /* FlexEatTests.swift */,
				939257AD23A68D7E0061C1B8 /* Info.plist */,
			);
			path = FlexEatTests;
			sourceTree = "<group>";
		};
		939257B523A68D7E0061C1B8 /* FlexEatUITests */ = {
			isa = PBXGroup;
			children = (
				939257B623A68D7E0061C1B8 /* FlexEatUITests.swift */,
				939257B823A68D7E0061C1B8 /* Info.plist */,
			);
			path = FlexEatUITests;
			sourceTree = "<group>";
		};
/* End PBXGroup section */

/* Begin PBXNativeTarget section */
		9392579023A68D7B0061C1B8 /* FlexEat */ = {
			isa = PBXNativeTarget;
			buildConfigurationList = 939257BB23A68D7E0061C1B8 /* Build configuration list for PBXNativeTarget "FlexEat" */;
			buildPhases = (
				DE37AF68F8FD56DF3A428D75 /* [CP] Check Pods Manifest.lock */,
				9392578D23A68D7B0061C1B8 /* Sources */,
				9392578E23A68D7B0061C1B8 /* Frameworks */,
				9392578F23A68D7B0061C1B8 /* Resources */,
				074D5ED56F536357F7E69F23 /* [CP] Embed Pods Frameworks */,
			);
			buildRules = (
			);
			dependencies = (
			);
			name = FlexEat;
			productName = FlexEat;
			productReference = 9392579123A68D7B0061C1B8 /* FlexEat.app */;
			productType = "com.apple.product-type.application";
		};
		939257A623A68D7E0061C1B8 /* FlexEatTests */ = {
			isa = PBXNativeTarget;
			buildConfigurationList = 939257BE23A68D7E0061C1B8 /* Build configuration list for PBXNativeTarget "FlexEatTests" */;
			buildPhases = (
				5229AA8D217AD73EAEE6D116 /* [CP] Check Pods Manifest.lock */,
				939257A323A68D7E0061C1B8 /* Sources */,
				939257A423A68D7E0061C1B8 /* Frameworks */,
				939257A523A68D7E0061C1B8 /* Resources */,
			);
			buildRules = (
			);
			dependencies = (
				939257A923A68D7E0061C1B8 /* PBXTargetDependency */,
			);
			name = FlexEatTests;
			productName = FlexEatTests;
			productReference = 939257A723A68D7E0061C1B8 /* FlexEatTests.xctest */;
			productType = "com.apple.product-type.bundle.unit-test";
		};
		939257B123A68D7E0061C1B8 /* FlexEatUITests */ = {
			isa = PBXNativeTarget;
			buildConfigurationList = 939257C123A68D7E0061C1B8 /* Build configuration list for PBXNativeTarget "FlexEatUITests" */;
			buildPhases = (
				95A934B213C6D2F68A266CA7 /* [CP] Check Pods Manifest.lock */,
				939257AE23A68D7E0061C1B8 /* Sources */,
				939257AF23A68D7E0061C1B8 /* Frameworks */,
				939257B023A68D7E0061C1B8 /* Resources */,
				A43227D972C9B0D5B2F9B38D /* [CP] Embed Pods Frameworks */,
			);
			buildRules = (
			);
			dependencies = (
				939257B423A68D7E0061C1B8 /* PBXTargetDependency */,
			);
			name = FlexEatUITests;
			productName = FlexEatUITests;
			productReference = 939257B223A68D7E0061C1B8 /* FlexEatUITests.xctest */;
			productType = "com.apple.product-type.bundle.ui-testing";
		};
/* End PBXNativeTarget section */

/* Begin PBXProject section */
		9392578923A68D7B0061C1B8 /* Project object */ = {
			isa = PBXProject;
			attributes = {
				LastSwiftUpdateCheck = 1030;
				LastUpgradeCheck = 1030;
				ORGANIZATIONNAME = FlexEat;
				TargetAttributes = {
					9392579023A68D7B0061C1B8 = {
						CreatedOnToolsVersion = 10.3;
					};
					939257A623A68D7E0061C1B8 = {
						CreatedOnToolsVersion = 10.3;
						TestTargetID = 9392579023A68D7B0061C1B8;
					};
					939257B123A68D7E0061C1B8 = {
						CreatedOnToolsVersion = 10.3;
						TestTargetID = 9392579023A68D7B0061C1B8;
					};
				};
			};
			buildConfigurationList = 9392578C23A68D7B0061C1B8 /* Build configuration list for PBXProject "FlexEat" */;
			compatibilityVersion = "Xcode 9.3";
			developmentRegion = en;
			hasScannedForEncodings = 0;
			knownRegions = (
				en,
				Base,
			);
			mainGroup = 9392578823A68D7B0061C1B8;
			productRefGroup = 9392579223A68D7B0061C1B8 /* Products */;
			projectDirPath = "";
			projectRoot = "";
			targets = (
				9392579023A68D7B0061C1B8 /* FlexEat */,
				939257A623A68D7E0061C1B8 /* FlexEatTests */,
				939257B123A68D7E0061C1B8 /* FlexEatUITests */,
			);
		};
/* End PBXProject section */

/* Begin PBXResourcesBuildPhase section */
		9392578F23A68D7B0061C1B8 /* Resources */ = {
			isa = PBXResourcesBuildPhase;
			buildActionMask = 2147483647;
			files = (
				939257A123A68D7E0061C1B8 /* LaunchScreen.storyboard in Resources */,
				93916A3B23A8C2050076A53F /* turtle.mp4 in Resources */,
				93916A1223A6D0510076A53F /* GoogleService-Info.plist in Resources */,
				9392579E23A68D7E0061C1B8 /* Assets.xcassets in Resources */,
				9392579C23A68D7B0061C1B8 /* Main.storyboard in Resources */,
			);
			runOnlyForDeploymentPostprocessing = 0;
		};
		939257A523A68D7E0061C1B8 /* Resources */ = {
			isa = PBXResourcesBuildPhase;
			buildActionMask = 2147483647;
			files = (
			);
			runOnlyForDeploymentPostprocessing = 0;
		};
		939257B023A68D7E0061C1B8 /* Resources */ = {
			isa = PBXResourcesBuildPhase;
			buildActionMask = 2147483647;
			files = (
			);
			runOnlyForDeploymentPostprocessing = 0;
		};
/* End PBXResourcesBuildPhase section */

/* Begin PBXShellScriptBuildPhase section */
		074D5ED56F536357F7E69F23 /* [CP] Embed Pods Frameworks */ = {
			isa = PBXShellScriptBuildPhase;
			buildActionMask = 2147483647;
			files = (
			);
			inputFileListPaths = (
				"${PODS_ROOT}/Target Support Files/Pods-FlexEat/Pods-FlexEat-frameworks-${CONFIGURATION}-input-files.xcfilelist",
			);
			name = "[CP] Embed Pods Frameworks";
			outputFileListPaths = (
				"${PODS_ROOT}/Target Support Files/Pods-FlexEat/Pods-FlexEat-frameworks-${CONFIGURATION}-output-files.xcfilelist",
			);
			runOnlyForDeploymentPostprocessing = 0;
			shellPath = /bin/sh;
			shellScript = "\"${PODS_ROOT}/Target Support Files/Pods-FlexEat/Pods-FlexEat-frameworks.sh\"\n";
			showEnvVarsInLog = 0;
		};
		5229AA8D217AD73EAEE6D116 /* [CP] Check Pods Manifest.lock */ = {
			isa = PBXShellScriptBuildPhase;
			buildActionMask = 2147483647;
			files = (
			);
			inputFileListPaths = (
			);
			inputPaths = (
				"${PODS_PODFILE_DIR_PATH}/Podfile.lock",
				"${PODS_ROOT}/Manifest.lock",
			);
			name = "[CP] Check Pods Manifest.lock";
			outputFileListPaths = (
			);
			outputPaths = (
				"$(DERIVED_FILE_DIR)/Pods-FlexEatTests-checkManifestLockResult.txt",
			);
			runOnlyForDeploymentPostprocessing = 0;
			shellPath = /bin/sh;
			shellScript = "diff \"${PODS_PODFILE_DIR_PATH}/Podfile.lock\" \"${PODS_ROOT}/Manifest.lock\" > /dev/null\nif [ $? != 0 ] ; then\n    # print error to STDERR\n    echo \"error: The sandbox is not in sync with the Podfile.lock. Run 'pod install' or update your CocoaPods installation.\" >&2\n    exit 1\nfi\n# This output is used by Xcode 'outputs' to avoid re-running this script phase.\necho \"SUCCESS\" > \"${SCRIPT_OUTPUT_FILE_0}\"\n";
			showEnvVarsInLog = 0;
		};
		95A934B213C6D2F68A266CA7 /* [CP] Check Pods Manifest.lock */ = {
			isa = PBXShellScriptBuildPhase;
			buildActionMask = 2147483647;
			files = (
			);
			inputFileListPaths = (
			);
			inputPaths = (
				"${PODS_PODFILE_DIR_PATH}/Podfile.lock",
				"${PODS_ROOT}/Manifest.lock",
			);
			name = "[CP] Check Pods Manifest.lock";
			outputFileListPaths = (
			);
			outputPaths = (
				"$(DERIVED_FILE_DIR)/Pods-FlexEat-FlexEatUITests-checkManifestLockResult.txt",
			);
			runOnlyForDeploymentPostprocessing = 0;
			shellPath = /bin/sh;
			shellScript = "diff \"${PODS_PODFILE_DIR_PATH}/Podfile.lock\" \"${PODS_ROOT}/Manifest.lock\" > /dev/null\nif [ $? != 0 ] ; then\n    # print error to STDERR\n    echo \"error: The sandbox is not in sync with the Podfile.lock. Run 'pod install' or update your CocoaPods installation.\" >&2\n    exit 1\nfi\n# This output is used by Xcode 'outputs' to avoid re-running this script phase.\necho \"SUCCESS\" > \"${SCRIPT_OUTPUT_FILE_0}\"\n";
			showEnvVarsInLog = 0;
		};
		A43227D972C9B0D5B2F9B38D /* [CP] Embed Pods Frameworks */ = {
			isa = PBXShellScriptBuildPhase;
			buildActionMask = 2147483647;
			files = (
			);
			inputFileListPaths = (
				"${PODS_ROOT}/Target Support Files/Pods-FlexEat-FlexEatUITests/Pods-FlexEat-FlexEatUITests-frameworks-${CONFIGURATION}-input-files.xcfilelist",
			);
			name = "[CP] Embed Pods Frameworks";
			outputFileListPaths = (
				"${PODS_ROOT}/Target Support Files/Pods-FlexEat-FlexEatUITests/Pods-FlexEat-FlexEatUITests-frameworks-${CONFIGURATION}-output-files.xcfilelist",
			);
			runOnlyForDeploymentPostprocessing = 0;
			shellPath = /bin/sh;
			shellScript = "\"${PODS_ROOT}/Target Support Files/Pods-FlexEat-FlexEatUITests/Pods-FlexEat-FlexEatUITests-frameworks.sh\"\n";
			showEnvVarsInLog = 0;
		};
		DE37AF68F8FD56DF3A428D75 /* [CP] Check Pods Manifest.lock */ = {
			isa = PBXShellScriptBuildPhase;
			buildActionMask = 2147483647;
			files = (
			);
			inputFileListPaths = (
			);
			inputPaths = (
				"${PODS_PODFILE_DIR_PATH}/Podfile.lock",
				"${PODS_ROOT}/Manifest.lock",
			);
			name = "[CP] Check Pods Manifest.lock";
			outputFileListPaths = (
			);
			outputPaths = (
				"$(DERIVED_FILE_DIR)/Pods-FlexEat-checkManifestLockResult.txt",
			);
			runOnlyForDeploymentPostprocessing = 0;
			shellPath = /bin/sh;
			shellScript = "diff \"${PODS_PODFILE_DIR_PATH}/Podfile.lock\" \"${PODS_ROOT}/Manifest.lock\" > /dev/null\nif [ $? != 0 ] ; then\n    # print error to STDERR\n    echo \"error: The sandbox is not in sync with the Podfile.lock. Run 'pod install' or update your CocoaPods installation.\" >&2\n    exit 1\nfi\n# This output is used by Xcode 'outputs' to avoid re-running this script phase.\necho \"SUCCESS\" > \"${SCRIPT_OUTPUT_FILE_0}\"\n";
			showEnvVarsInLog = 0;
		};
/* End PBXShellScriptBuildPhase section */

/* Begin PBXSourcesBuildPhase section */
		9392578D23A68D7B0061C1B8 /* Sources */ = {
			isa = PBXSourcesBuildPhase;
			buildActionMask = 2147483647;
			files = (
				935024F823A6B57100990A3C /* LoginViewController.swift in Sources */,
				93916A3323A801FD0076A53F /* QuizLevelViewController.swift in Sources */,
				93916A3723A8AA700076A53F /* Story.swift in Sources */,
				93916A3123A7F60C0076A53F /* Quiz.swift in Sources */,
				93916A0B23A6C8A40076A53F /* Utilities.swift in Sources */,
				93916A3923A8ACF20076A53F /* StoriesTableViewController.swift in Sources */,
				9392579523A68D7B0061C1B8 /* AppDelegate.swift in Sources */,
				93916A2F23A7F1EA0076A53F /* QuizzesViewController.swift in Sources */,
				93916A1623A778F80076A53F /* TabBarViewController.swift in Sources */,
				935024FC23A6BA8000990A3C /* StartingViewController.swift in Sources */,
				93916A2623A7CACA0076A53F /* HomeViewController.swift in Sources */,
				93916A3523A8954D0076A53F /* FinishedQuizViewController.swift in Sources */,
				93916A2A23A7CAE00076A53F /* GamesViewController.swift in Sources */,
				935024FA23A6BA7800990A3C /* SignUpViewController.swift in Sources */,
				93916A2223A7C6C10076A53F /* UserInfo.swift in Sources */,
				93916A1423A774DE0076A53F /* Constants.swift in Sources */,
				93916A2D23A7E86D0076A53F /* LeaderboardTableViewController.swift in Sources */,
			);
			runOnlyForDeploymentPostprocessing = 0;
		};
		939257A323A68D7E0061C1B8 /* Sources */ = {
			isa = PBXSourcesBuildPhase;
			buildActionMask = 2147483647;
			files = (
				939257AC23A68D7E0061C1B8 /* FlexEatTests.swift in Sources */,
			);
			runOnlyForDeploymentPostprocessing = 0;
		};
		939257AE23A68D7E0061C1B8 /* Sources */ = {
			isa = PBXSourcesBuildPhase;
			buildActionMask = 2147483647;
			files = (
				939257B723A68D7E0061C1B8 /* FlexEatUITests.swift in Sources */,
			);
			runOnlyForDeploymentPostprocessing = 0;
		};
/* End PBXSourcesBuildPhase section */

/* Begin PBXTargetDependency section */
		939257A923A68D7E0061C1B8 /* PBXTargetDependency */ = {
			isa = PBXTargetDependency;
			target = 9392579023A68D7B0061C1B8 /* FlexEat */;
			targetProxy = 939257A823A68D7E0061C1B8 /* PBXContainerItemProxy */;
		};
		939257B423A68D7E0061C1B8 /* PBXTargetDependency */ = {
			isa = PBXTargetDependency;
			target = 9392579023A68D7B0061C1B8 /* FlexEat */;
			targetProxy = 939257B323A68D7E0061C1B8 /* PBXContainerItemProxy */;
		};
/* End PBXTargetDependency section */

/* Begin PBXVariantGroup section */
		9392579A23A68D7B0061C1B8 /* Main.storyboard */ = {
			isa = PBXVariantGroup;
			children = (
				9392579B23A68D7B0061C1B8 /* Base */,
			);
			name = Main.storyboard;
			sourceTree = "<group>";
		};
		9392579F23A68D7E0061C1B8 /* LaunchScreen.storyboard */ = {
			isa = PBXVariantGroup;
			children = (
				939257A023A68D7E0061C1B8 /* Base */,
			);
			name = LaunchScreen.storyboard;
			sourceTree = "<group>";
		};
/* End PBXVariantGroup section */

/* Begin XCBuildConfiguration section */
		939257B923A68D7E0061C1B8 /* Debug */ = {
			isa = XCBuildConfiguration;
			buildSettings = {
				ALWAYS_SEARCH_USER_PATHS = NO;
				CLANG_ANALYZER_NONNULL = YES;
				CLANG_ANALYZER_NUMBER_OBJECT_CONVERSION = YES_AGGRESSIVE;
				CLANG_CXX_LANGUAGE_STANDARD = "gnu++14";
				CLANG_CXX_LIBRARY = "libc++";
				CLANG_ENABLE_MODULES = YES;
				CLANG_ENABLE_OBJC_ARC = YES;
				CLANG_ENABLE_OBJC_WEAK = YES;
				CLANG_WARN_BLOCK_CAPTURE_AUTORELEASING = YES;
				CLANG_WARN_BOOL_CONVERSION = YES;
				CLANG_WARN_COMMA = YES;
				CLANG_WARN_CONSTANT_CONVERSION = YES;
				CLANG_WARN_DEPRECATED_OBJC_IMPLEMENTATIONS = YES;
				CLANG_WARN_DIRECT_OBJC_ISA_USAGE = YES_ERROR;
				CLANG_WARN_DOCUMENTATION_COMMENTS = YES;
				CLANG_WARN_EMPTY_BODY = YES;
				CLANG_WARN_ENUM_CONVERSION = YES;
				CLANG_WARN_INFINITE_RECURSION = YES;
				CLANG_WARN_INT_CONVERSION = YES;
				CLANG_WARN_NON_LITERAL_NULL_CONVERSION = YES;
				CLANG_WARN_OBJC_IMPLICIT_RETAIN_SELF = YES;
				CLANG_WARN_OBJC_LITERAL_CONVERSION = YES;
				CLANG_WARN_OBJC_ROOT_CLASS = YES_ERROR;
				CLANG_WARN_RANGE_LOOP_ANALYSIS = YES;
				CLANG_WARN_STRICT_PROTOTYPES = YES;
				CLANG_WARN_SUSPICIOUS_MOVE = YES;
				CLANG_WARN_UNGUARDED_AVAILABILITY = YES_AGGRESSIVE;
				CLANG_WARN_UNREACHABLE_CODE = YES;
				CLANG_WARN__DUPLICATE_METHOD_MATCH = YES;
				CODE_SIGN_IDENTITY = "iPhone Developer";
				COPY_PHASE_STRIP = NO;
				DEBUG_INFORMATION_FORMAT = dwarf;
				ENABLE_STRICT_OBJC_MSGSEND = YES;
				ENABLE_TESTABILITY = YES;
				GCC_C_LANGUAGE_STANDARD = gnu11;
				GCC_DYNAMIC_NO_PIC = NO;
				GCC_NO_COMMON_BLOCKS = YES;
				GCC_OPTIMIZATION_LEVEL = 0;
				GCC_PREPROCESSOR_DEFINITIONS = (
					"DEBUG=1",
					"$(inherited)",
				);
				GCC_WARN_64_TO_32_BIT_CONVERSION = YES;
				GCC_WARN_ABOUT_RETURN_TYPE = YES_ERROR;
				GCC_WARN_UNDECLARED_SELECTOR = YES;
				GCC_WARN_UNINITIALIZED_AUTOS = YES_AGGRESSIVE;
				GCC_WARN_UNUSED_FUNCTION = YES;
				GCC_WARN_UNUSED_VARIABLE = YES;
				IPHONEOS_DEPLOYMENT_TARGET = 12.4;
				MTL_ENABLE_DEBUG_INFO = INCLUDE_SOURCE;
				MTL_FAST_MATH = YES;
				ONLY_ACTIVE_ARCH = YES;
				SDKROOT = iphoneos;
				SWIFT_ACTIVE_COMPILATION_CONDITIONS = DEBUG;
				SWIFT_OPTIMIZATION_LEVEL = "-Onone";
			};
			name = Debug;
		};
		939257BA23A68D7E0061C1B8 /* Release */ = {
			isa = XCBuildConfiguration;
			buildSettings = {
				ALWAYS_SEARCH_USER_PATHS = NO;
				CLANG_ANALYZER_NONNULL = YES;
				CLANG_ANALYZER_NUMBER_OBJECT_CONVERSION = YES_AGGRESSIVE;
				CLANG_CXX_LANGUAGE_STANDARD = "gnu++14";
				CLANG_CXX_LIBRARY = "libc++";
				CLANG_ENABLE_MODULES = YES;
				CLANG_ENABLE_OBJC_ARC = YES;
				CLANG_ENABLE_OBJC_WEAK = YES;
				CLANG_WARN_BLOCK_CAPTURE_AUTORELEASING = YES;
				CLANG_WARN_BOOL_CONVERSION = YES;
				CLANG_WARN_COMMA = YES;
				CLANG_WARN_CONSTANT_CONVERSION = YES;
				CLANG_WARN_DEPRECATED_OBJC_IMPLEMENTATIONS = YES;
				CLANG_WARN_DIRECT_OBJC_ISA_USAGE = YES_ERROR;
				CLANG_WARN_DOCUMENTATION_COMMENTS = YES;
				CLANG_WARN_EMPTY_BODY = YES;
				CLANG_WARN_ENUM_CONVERSION = YES;
				CLANG_WARN_INFINITE_RECURSION = YES;
				CLANG_WARN_INT_CONVERSION = YES;
				CLANG_WARN_NON_LITERAL_NULL_CONVERSION = YES;
				CLANG_WARN_OBJC_IMPLICIT_RETAIN_SELF = YES;
				CLANG_WARN_OBJC_LITERAL_CONVERSION = YES;
				CLANG_WARN_OBJC_ROOT_CLASS = YES_ERROR;
				CLANG_WARN_RANGE_LOOP_ANALYSIS = YES;
				CLANG_WARN_STRICT_PROTOTYPES = YES;
				CLANG_WARN_SUSPICIOUS_MOVE = YES;
				CLANG_WARN_UNGUARDED_AVAILABILITY = YES_AGGRESSIVE;
				CLANG_WARN_UNREACHABLE_CODE = YES;
				CLANG_WARN__DUPLICATE_METHOD_MATCH = YES;
				CODE_SIGN_IDENTITY = "iPhone Developer";
				COPY_PHASE_STRIP = NO;
				DEBUG_INFORMATION_FORMAT = "dwarf-with-dsym";
				ENABLE_NS_ASSERTIONS = NO;
				ENABLE_STRICT_OBJC_MSGSEND = YES;
				GCC_C_LANGUAGE_STANDARD = gnu11;
				GCC_NO_COMMON_BLOCKS = YES;
				GCC_WARN_64_TO_32_BIT_CONVERSION = YES;
				GCC_WARN_ABOUT_RETURN_TYPE = YES_ERROR;
				GCC_WARN_UNDECLARED_SELECTOR = YES;
				GCC_WARN_UNINITIALIZED_AUTOS = YES_AGGRESSIVE;
				GCC_WARN_UNUSED_FUNCTION = YES;
				GCC_WARN_UNUSED_VARIABLE = YES;
				IPHONEOS_DEPLOYMENT_TARGET = 12.4;
				MTL_ENABLE_DEBUG_INFO = NO;
				MTL_FAST_MATH = YES;
				SDKROOT = iphoneos;
				SWIFT_COMPILATION_MODE = wholemodule;
				SWIFT_OPTIMIZATION_LEVEL = "-O";
				VALIDATE_PRODUCT = YES;
			};
			name = Release;
		};
		939257BC23A68D7E0061C1B8 /* Debug */ = {
			isa = XCBuildConfiguration;
			baseConfigurationReference = A5667BD71006CDFFBC885144 /* Pods-FlexEat.debug.xcconfig */;
			buildSettings = {
				ASSETCATALOG_COMPILER_APPICON_NAME = AppIcon;
				CODE_SIGN_STYLE = Automatic;
				DEVELOPMENT_TEAM = 8ZH4386GWQ;
				INFOPLIST_FILE = FlexEat/Info.plist;
				LD_RUNPATH_SEARCH_PATHS = (
					"$(inherited)",
					"@executable_path/Frameworks",
				);
				PRODUCT_BUNDLE_IDENTIFIER = com.celesteanddanielle.FlexEat;
				PRODUCT_NAME = "$(TARGET_NAME)";
				SWIFT_VERSION = 5.0;
				TARGETED_DEVICE_FAMILY = "1,2";
			};
			name = Debug;
		};
		939257BD23A68D7E0061C1B8 /* Release */ = {
			isa = XCBuildConfiguration;
			baseConfigurationReference = 35FA322EDE221A5E9C5DEC65 /* Pods-FlexEat.release.xcconfig */;
			buildSettings = {
				ASSETCATALOG_COMPILER_APPICON_NAME = AppIcon;
				CODE_SIGN_STYLE = Automatic;
				DEVELOPMENT_TEAM = 8ZH4386GWQ;
				INFOPLIST_FILE = FlexEat/Info.plist;
				LD_RUNPATH_SEARCH_PATHS = (
					"$(inherited)",
					"@executable_path/Frameworks",
				);
				PRODUCT_BUNDLE_IDENTIFIER = com.celesteanddanielle.FlexEat;
				PRODUCT_NAME = "$(TARGET_NAME)";
				SWIFT_VERSION = 5.0;
				TARGETED_DEVICE_FAMILY = "1,2";
			};
			name = Release;
		};
		939257BF23A68D7E0061C1B8 /* Debug */ = {
			isa = XCBuildConfiguration;
			baseConfigurationReference = E497257A7A0845F204A5C03B /* Pods-FlexEatTests.debug.xcconfig */;
			buildSettings = {
				ALWAYS_EMBED_SWIFT_STANDARD_LIBRARIES = YES;
				BUNDLE_LOADER = "$(TEST_HOST)";
				CODE_SIGN_STYLE = Automatic;
				DEVELOPMENT_TEAM = 8ZH4386GWQ;
				INFOPLIST_FILE = FlexEatTests/Info.plist;
				LD_RUNPATH_SEARCH_PATHS = (
					"$(inherited)",
					"@executable_path/Frameworks",
					"@loader_path/Frameworks",
				);
				PRODUCT_BUNDLE_IDENTIFIER = com.celesteanddanielle.FlexEatTests;
				PRODUCT_NAME = "$(TARGET_NAME)";
				SWIFT_VERSION = 5.0;
				TARGETED_DEVICE_FAMILY = "1,2";
				TEST_HOST = "$(BUILT_PRODUCTS_DIR)/FlexEat.app/FlexEat";
			};
			name = Debug;
		};
		939257C023A68D7E0061C1B8 /* Release */ = {
			isa = XCBuildConfiguration;
			baseConfigurationReference = 89E1BCDDD2F2E41750DEF214 /* Pods-FlexEatTests.release.xcconfig */;
			buildSettings = {
				ALWAYS_EMBED_SWIFT_STANDARD_LIBRARIES = YES;
				BUNDLE_LOADER = "$(TEST_HOST)";
				CODE_SIGN_STYLE = Automatic;
				DEVELOPMENT_TEAM = 8ZH4386GWQ;
				INFOPLIST_FILE = FlexEatTests/Info.plist;
				LD_RUNPATH_SEARCH_PATHS = (
					"$(inherited)",
					"@executable_path/Frameworks",
					"@loader_path/Frameworks",
				);
				PRODUCT_BUNDLE_IDENTIFIER = com.celesteanddanielle.FlexEatTests;
				PRODUCT_NAME = "$(TARGET_NAME)";
				SWIFT_VERSION = 5.0;
				TARGETED_DEVICE_FAMILY = "1,2";
				TEST_HOST = "$(BUILT_PRODUCTS_DIR)/FlexEat.app/FlexEat";
			};
			name = Release;
		};
		939257C223A68D7E0061C1B8 /* Debug */ = {
			isa = XCBuildConfiguration;
			baseConfigurationReference = EF6380C0EF385142E589DC25 /* Pods-FlexEat-FlexEatUITests.debug.xcconfig */;
			buildSettings = {
				ALWAYS_EMBED_SWIFT_STANDARD_LIBRARIES = YES;
				CODE_SIGN_STYLE = Automatic;
				DEVELOPMENT_TEAM = 8ZH4386GWQ;
				INFOPLIST_FILE = FlexEatUITests/Info.plist;
				LD_RUNPATH_SEARCH_PATHS = (
					"$(inherited)",
					"@executable_path/Frameworks",
					"@loader_path/Frameworks",
				);
				PRODUCT_BUNDLE_IDENTIFIER = com.celesteanddanielle.FlexEatUITests;
				PRODUCT_NAME = "$(TARGET_NAME)";
				SWIFT_VERSION = 5.0;
				TARGETED_DEVICE_FAMILY = "1,2";
				TEST_TARGET_NAME = FlexEat;
			};
			name = Debug;
		};
		939257C323A68D7E0061C1B8 /* Release */ = {
			isa = XCBuildConfiguration;
			baseConfigurationReference = A6252159F0D3028F387FFEEE /* Pods-FlexEat-FlexEatUITests.release.xcconfig */;
			buildSettings = {
				ALWAYS_EMBED_SWIFT_STANDARD_LIBRARIES = YES;
				CODE_SIGN_STYLE = Automatic;
				DEVELOPMENT_TEAM = 8ZH4386GWQ;
				INFOPLIST_FILE = FlexEatUITests/Info.plist;
				LD_RUNPATH_SEARCH_PATHS = (
					"$(inherited)",
					"@executable_path/Frameworks",
					"@loader_path/Frameworks",
				);
				PRODUCT_BUNDLE_IDENTIFIER = com.celesteanddanielle.FlexEatUITests;
				PRODUCT_NAME = "$(TARGET_NAME)";
				SWIFT_VERSION = 5.0;
				TARGETED_DEVICE_FAMILY = "1,2";
				TEST_TARGET_NAME = FlexEat;
			};
			name = Release;
		};
/* End XCBuildConfiguration section */

/* Begin XCConfigurationList section */
		9392578C23A68D7B0061C1B8 /* Build configuration list for PBXProject "FlexEat" */ = {
			isa = XCConfigurationList;
			buildConfigurations = (
				939257B923A68D7E0061C1B8 /* Debug */,
				939257BA23A68D7E0061C1B8 /* Release */,
			);
			defaultConfigurationIsVisible = 0;
			defaultConfigurationName = Release;
		};
		939257BB23A68D7E0061C1B8 /* Build configuration list for PBXNativeTarget "FlexEat" */ = {
			isa = XCConfigurationList;
			buildConfigurations = (
				939257BC23A68D7E0061C1B8 /* Debug */,
				939257BD23A68D7E0061C1B8 /* Release */,
			);
			defaultConfigurationIsVisible = 0;
			defaultConfigurationName = Release;
		};
		939257BE23A68D7E0061C1B8 /* Build configuration list for PBXNativeTarget "FlexEatTests" */ = {
			isa = XCConfigurationList;
			buildConfigurations = (
				939257BF23A68D7E0061C1B8 /* Debug */,
				939257C023A68D7E0061C1B8 /* Release */,
			);
			defaultConfigurationIsVisible = 0;
			defaultConfigurationName = Release;
		};
		939257C123A68D7E0061C1B8 /* Build configuration list for PBXNativeTarget "FlexEatUITests" */ = {
			isa = XCConfigurationList;
			buildConfigurations = (
				939257C223A68D7E0061C1B8 /* Debug */,
				939257C323A68D7E0061C1B8 /* Release */,
			);
			defaultConfigurationIsVisible = 0;
			defaultConfigurationName = Release;
		};
/* End XCConfigurationList section */
	};
	rootObject = 9392578923A68D7B0061C1B8 /* Project object */;
}
